
Microsoft Visual Studio Solution File, Format Version 12.00
# Visual Studio Version 16
VisualStudioVersion = 16.0.31321.278
MinimumVisualStudioVersion = 10.0.40219.1
Project("{FAE04EC0-301F-11D3-BF4B-00C04F79EFBC}") = "Strings_CheckBracketSentences", "Strings_CheckBracketSentences\Strings_CheckBracketSentences.csproj", "{69741A26-AE43-451B-95BB-084760EDBE6D}"
EndProject
Global
	GlobalSection(SolutionConfigurationPlatforms) = preSolution
		Debug|Any CPU = Debug|Any CPU
		Release|Any CPU = Release|Any CPU
	EndGlobalSection
	GlobalSection(ProjectConfigurationPlatforms) = postSolution
		{69741A26-AE43-451B-95BB-084760EDBE6D}.Debug|Any CPU.ActiveCfg = Debug|Any CPU
		{69741A26-AE43-451B-95BB-084760EDBE6D}.Debug|Any CPU.Build.0 = Debug|Any CPU
		{69741A26-AE43-451B-95BB-084760EDBE6D}.Release|Any CPU.ActiveCfg = Release|Any CPU
		{69741A26-AE43-451B-95BB-084760EDBE6D}.Release|Any CPU.Build.0 = Release|Any CPU
	EndGlobalSection
	GlobalSection(SolutionProperties) = preSolution
		HideSolutionNode = FALSE
	EndGlobalSection
	GlobalSection(ExtensibilityGlobals) = postSolution
		SolutionGuid = {43C387FE-EBCC-4866-8798-E1B8FF56838D}
	EndGlobalSection
EndGlobal
