
Microsoft Visual Studio Solution File, Format Version 12.00
# Visual Studio Version 17
VisualStudioVersion = 17.0.32126.317
MinimumVisualStudioVersion = 10.0.40219.1
Project("{FAE04EC0-301F-11D3-BF4B-00C04F79EFBC}") = "IMDB_Lab", "IMDB_Lab\IMDB_Lab.csproj", "{1EFF4C7E-F617-4510-A595-12C7922BF667}"
EndProject
Global
	GlobalSection(SolutionConfigurationPlatforms) = preSolution
		Debug|Any CPU = Debug|Any CPU
		Release|Any CPU = Release|Any CPU
	EndGlobalSection
	GlobalSection(ProjectConfigurationPlatforms) = postSolution
		{1EFF4C7E-F617-4510-A595-12C7922BF667}.Debug|Any CPU.ActiveCfg = Debug|Any CPU
		{1EFF4C7E-F617-4510-A595-12C7922BF667}.Debug|Any CPU.Build.0 = Debug|Any CPU
		{1EFF4C7E-F617-4510-A595-12C7922BF667}.Release|Any CPU.ActiveCfg = Release|Any CPU
		{1EFF4C7E-F617-4510-A595-12C7922BF667}.Release|Any CPU.Build.0 = Release|Any CPU
	EndGlobalSection
	GlobalSection(SolutionProperties) = preSolution
		HideSolutionNode = FALSE
	EndGlobalSection
	GlobalSection(ExtensibilityGlobals) = postSolution
		SolutionGuid = {D2716DF5-F0B8-4E61-8657-7C2CF69B7282}
	EndGlobalSection
EndGlobal
