
Microsoft Visual Studio Solution File, Format Version 12.00
# Visual Studio Version 17
VisualStudioVersion = 17.0.32126.317
MinimumVisualStudioVersion = 10.0.40219.1
Project("{FAE04EC0-301F-11D3-BF4B-00C04F79EFBC}") = "OOP", "OOP\OOP.csproj", "{3B5D0B12-67B5-43EB-903B-E604AE7B1291}"
EndProject
Global
	GlobalSection(SolutionConfigurationPlatforms) = preSolution
		Debug|Any CPU = Debug|Any CPU
		Release|Any CPU = Release|Any CPU
	EndGlobalSection
	GlobalSection(ProjectConfigurationPlatforms) = postSolution
		{3B5D0B12-67B5-43EB-903B-E604AE7B1291}.Debug|Any CPU.ActiveCfg = Debug|Any CPU
		{3B5D0B12-67B5-43EB-903B-E604AE7B1291}.Debug|Any CPU.Build.0 = Debug|Any CPU
		{3B5D0B12-67B5-43EB-903B-E604AE7B1291}.Release|Any CPU.ActiveCfg = Release|Any CPU
		{3B5D0B12-67B5-43EB-903B-E604AE7B1291}.Release|Any CPU.Build.0 = Release|Any CPU
	EndGlobalSection
	GlobalSection(SolutionProperties) = preSolution
		HideSolutionNode = FALSE
	EndGlobalSection
	GlobalSection(ExtensibilityGlobals) = postSolution
		SolutionGuid = {892EC105-D472-420A-B6FA-7FCB4B6E2980}
	EndGlobalSection
EndGlobal
