
Microsoft Visual Studio Solution File, Format Version 12.00
# Visual Studio Version 16
VisualStudioVersion = 16.0.31321.278
MinimumVisualStudioVersion = 10.0.40219.1
Project("{FAE04EC0-301F-11D3-BF4B-00C04F79EFBC}") = "Basics.Elementary_Operations_2", "Basics.Elementary_Operations_2\Basics.Elementary_Operations_2.csproj", "{822FAC90-4010-4FCA-888E-AA3A9E3B3B5E}"
EndProject
Global
	GlobalSection(SolutionConfigurationPlatforms) = preSolution
		Debug|Any CPU = Debug|Any CPU
		Release|Any CPU = Release|Any CPU
	EndGlobalSection
	GlobalSection(ProjectConfigurationPlatforms) = postSolution
		{822FAC90-4010-4FCA-888E-AA3A9E3B3B5E}.Debug|Any CPU.ActiveCfg = Debug|Any CPU
		{822FAC90-4010-4FCA-888E-AA3A9E3B3B5E}.Debug|Any CPU.Build.0 = Debug|Any CPU
		{822FAC90-4010-4FCA-888E-AA3A9E3B3B5E}.Release|Any CPU.ActiveCfg = Release|Any CPU
		{822FAC90-4010-4FCA-888E-AA3A9E3B3B5E}.Release|Any CPU.Build.0 = Release|Any CPU
	EndGlobalSection
	GlobalSection(SolutionProperties) = preSolution
		HideSolutionNode = FALSE
	EndGlobalSection
	GlobalSection(ExtensibilityGlobals) = postSolution
		SolutionGuid = {EDE54AD0-1AC4-4D91-9266-BEB04769C941}
	EndGlobalSection
EndGlobal
