
Microsoft Visual Studio Solution File, Format Version 12.00
# Visual Studio Version 16
VisualStudioVersion = 16.0.31321.278
MinimumVisualStudioVersion = 10.0.40219.1
Project("{FAE04EC0-301F-11D3-BF4B-00C04F79EFBC}") = "Practice.Elementary_Operations", "Practice.Elementary_Operations\Practice.Elementary_Operations.csproj", "{278CE9BA-1139-47B2-AC70-66DAFE9885C8}"
EndProject
Global
	GlobalSection(SolutionConfigurationPlatforms) = preSolution
		Debug|Any CPU = Debug|Any CPU
		Release|Any CPU = Release|Any CPU
	EndGlobalSection
	GlobalSection(ProjectConfigurationPlatforms) = postSolution
		{278CE9BA-1139-47B2-AC70-66DAFE9885C8}.Debug|Any CPU.ActiveCfg = Debug|Any CPU
		{278CE9BA-1139-47B2-AC70-66DAFE9885C8}.Debug|Any CPU.Build.0 = Debug|Any CPU
		{278CE9BA-1139-47B2-AC70-66DAFE9885C8}.Release|Any CPU.ActiveCfg = Release|Any CPU
		{278CE9BA-1139-47B2-AC70-66DAFE9885C8}.Release|Any CPU.Build.0 = Release|Any CPU
	EndGlobalSection
	GlobalSection(SolutionProperties) = preSolution
		HideSolutionNode = FALSE
	EndGlobalSection
	GlobalSection(ExtensibilityGlobals) = postSolution
		SolutionGuid = {D1238CCE-2167-448A-8A40-962ACE4F9C86}
	EndGlobalSection
EndGlobal
