
Microsoft Visual Studio Solution File, Format Version 12.00
# Visual Studio Version 16
VisualStudioVersion = 16.0.31321.278
MinimumVisualStudioVersion = 10.0.40219.1
Project("{9A19103F-16F7-4668-BE54-9A1E7A4F7556}") = "GrandCircus", "GrandCircus\GrandCircus.csproj", "{704ADDB3-A261-4591-A8D8-830CED337084}"
EndProject
Project("{FAE04EC0-301F-11D3-BF4B-00C04F79EFBC}") = "CalculatorTest", "CalculatorTest\CalculatorTest.csproj", "{D1D5D2D3-5D10-4D8F-B4C8-8F4E544A4179}"
EndProject
Global
	GlobalSection(SolutionConfigurationPlatforms) = preSolution
		Debug|Any CPU = Debug|Any CPU
		Release|Any CPU = Release|Any CPU
	EndGlobalSection
	GlobalSection(ProjectConfigurationPlatforms) = postSolution
		{704ADDB3-A261-4591-A8D8-830CED337084}.Debug|Any CPU.ActiveCfg = Debug|Any CPU
		{704ADDB3-A261-4591-A8D8-830CED337084}.Debug|Any CPU.Build.0 = Debug|Any CPU
		{704ADDB3-A261-4591-A8D8-830CED337084}.Release|Any CPU.ActiveCfg = Release|Any CPU
		{704ADDB3-A261-4591-A8D8-830CED337084}.Release|Any CPU.Build.0 = Release|Any CPU
		{D1D5D2D3-5D10-4D8F-B4C8-8F4E544A4179}.Debug|Any CPU.ActiveCfg = Debug|Any CPU
		{D1D5D2D3-5D10-4D8F-B4C8-8F4E544A4179}.Debug|Any CPU.Build.0 = Debug|Any CPU
		{D1D5D2D3-5D10-4D8F-B4C8-8F4E544A4179}.Release|Any CPU.ActiveCfg = Release|Any CPU
		{D1D5D2D3-5D10-4D8F-B4C8-8F4E544A4179}.Release|Any CPU.Build.0 = Release|Any CPU
	EndGlobalSection
	GlobalSection(SolutionProperties) = preSolution
		HideSolutionNode = FALSE
	EndGlobalSection
	GlobalSection(ExtensibilityGlobals) = postSolution
		SolutionGuid = {17F64D9A-727C-4F3C-97FF-80463EB9B999}
	EndGlobalSection
EndGlobal
