
Microsoft Visual Studio Solution File, Format Version 12.00
# Visual Studio Version 16
VisualStudioVersion = 16.0.31321.278
MinimumVisualStudioVersion = 10.0.40219.1
Project("{FAE04EC0-301F-11D3-BF4B-00C04F79EFBC}") = "Loops_Multiplication", "Loops_Multiplication\Loops_Multiplication.csproj", "{5921FAD3-7798-4F9A-933C-A3734DA6CA65}"
EndProject
Global
	GlobalSection(SolutionConfigurationPlatforms) = preSolution
		Debug|Any CPU = Debug|Any CPU
		Release|Any CPU = Release|Any CPU
	EndGlobalSection
	GlobalSection(ProjectConfigurationPlatforms) = postSolution
		{5921FAD3-7798-4F9A-933C-A3734DA6CA65}.Debug|Any CPU.ActiveCfg = Debug|Any CPU
		{5921FAD3-7798-4F9A-933C-A3734DA6CA65}.Debug|Any CPU.Build.0 = Debug|Any CPU
		{5921FAD3-7798-4F9A-933C-A3734DA6CA65}.Release|Any CPU.ActiveCfg = Release|Any CPU
		{5921FAD3-7798-4F9A-933C-A3734DA6CA65}.Release|Any CPU.Build.0 = Release|Any CPU
	EndGlobalSection
	GlobalSection(SolutionProperties) = preSolution
		HideSolutionNode = FALSE
	EndGlobalSection
	GlobalSection(ExtensibilityGlobals) = postSolution
		SolutionGuid = {D87C312D-0429-4E84-B2BF-240CBA136EA3}
	EndGlobalSection
EndGlobal
