
Microsoft Visual Studio Solution File, Format Version 12.00
# Visual Studio Version 16
VisualStudioVersion = 16.0.31321.278
MinimumVisualStudioVersion = 10.0.40219.1
Project("{FAE04EC0-301F-11D3-BF4B-00C04F79EFBC}") = "Substring_Notation", "Substring_Notation\Substring_Notation.csproj", "{AE3ED3DD-85C8-4707-BF32-5F67AAF9AC99}"
EndProject
Global
	GlobalSection(SolutionConfigurationPlatforms) = preSolution
		Debug|Any CPU = Debug|Any CPU
		Release|Any CPU = Release|Any CPU
	EndGlobalSection
	GlobalSection(ProjectConfigurationPlatforms) = postSolution
		{AE3ED3DD-85C8-4707-BF32-5F67AAF9AC99}.Debug|Any CPU.ActiveCfg = Debug|Any CPU
		{AE3ED3DD-85C8-4707-BF32-5F67AAF9AC99}.Debug|Any CPU.Build.0 = Debug|Any CPU
		{AE3ED3DD-85C8-4707-BF32-5F67AAF9AC99}.Release|Any CPU.ActiveCfg = Release|Any CPU
		{AE3ED3DD-85C8-4707-BF32-5F67AAF9AC99}.Release|Any CPU.Build.0 = Release|Any CPU
	EndGlobalSection
	GlobalSection(SolutionProperties) = preSolution
		HideSolutionNode = FALSE
	EndGlobalSection
	GlobalSection(ExtensibilityGlobals) = postSolution
		SolutionGuid = {A5C4252F-7B05-4E66-85EF-4302C8F8EF43}
	EndGlobalSection
EndGlobal
