
Microsoft Visual Studio Solution File, Format Version 12.00
# Visual Studio Version 16
VisualStudioVersion = 16.0.31321.278
MinimumVisualStudioVersion = 10.0.40219.1
Project("{FAE04EC0-301F-11D3-BF4B-00C04F79EFBC}") = "Loops_ReturnEvenNumbers", "Loops_ReturnEvenNumbers\Loops_ReturnEvenNumbers.csproj", "{44367A98-E8EC-46E3-BBB6-9921DD4D1DD1}"
EndProject
Global
	GlobalSection(SolutionConfigurationPlatforms) = preSolution
		Debug|Any CPU = Debug|Any CPU
		Release|Any CPU = Release|Any CPU
	EndGlobalSection
	GlobalSection(ProjectConfigurationPlatforms) = postSolution
		{44367A98-E8EC-46E3-BBB6-9921DD4D1DD1}.Debug|Any CPU.ActiveCfg = Debug|Any CPU
		{44367A98-E8EC-46E3-BBB6-9921DD4D1DD1}.Debug|Any CPU.Build.0 = Debug|Any CPU
		{44367A98-E8EC-46E3-BBB6-9921DD4D1DD1}.Release|Any CPU.ActiveCfg = Release|Any CPU
		{44367A98-E8EC-46E3-BBB6-9921DD4D1DD1}.Release|Any CPU.Build.0 = Release|Any CPU
	EndGlobalSection
	GlobalSection(SolutionProperties) = preSolution
		HideSolutionNode = FALSE
	EndGlobalSection
	GlobalSection(ExtensibilityGlobals) = postSolution
		SolutionGuid = {AE110AC2-95C6-4772-AC7C-29C2CC86642D}
	EndGlobalSection
EndGlobal
