
Microsoft Visual Studio Solution File, Format Version 12.00
# Visual Studio Version 16
VisualStudioVersion = 16.0.31321.278
MinimumVisualStudioVersion = 10.0.40219.1
Project("{FAE04EC0-301F-11D3-BF4B-00C04F79EFBC}") = "Conditional.NumberEven", "Conditional.NumberEven\Conditional.NumberEven.csproj", "{37A8A057-B623-4DCA-B89B-BC56363C0FDE}"
EndProject
Global
	GlobalSection(SolutionConfigurationPlatforms) = preSolution
		Debug|Any CPU = Debug|Any CPU
		Release|Any CPU = Release|Any CPU
	EndGlobalSection
	GlobalSection(ProjectConfigurationPlatforms) = postSolution
		{37A8A057-B623-4DCA-B89B-BC56363C0FDE}.Debug|Any CPU.ActiveCfg = Debug|Any CPU
		{37A8A057-B623-4DCA-B89B-BC56363C0FDE}.Debug|Any CPU.Build.0 = Debug|Any CPU
		{37A8A057-B623-4DCA-B89B-BC56363C0FDE}.Release|Any CPU.ActiveCfg = Release|Any CPU
		{37A8A057-B623-4DCA-B89B-BC56363C0FDE}.Release|Any CPU.Build.0 = Release|Any CPU
	EndGlobalSection
	GlobalSection(SolutionProperties) = preSolution
		HideSolutionNode = FALSE
	EndGlobalSection
	GlobalSection(ExtensibilityGlobals) = postSolution
		SolutionGuid = {A7BD8CBF-9BBB-4532-87F4-495CDFEF0F78}
	EndGlobalSection
EndGlobal
