
Microsoft Visual Studio Solution File, Format Version 12.00
# Visual Studio Version 16
VisualStudioVersion = 16.0.31321.278
MinimumVisualStudioVersion = 10.0.40219.1
Project("{FAE04EC0-301F-11D3-BF4B-00C04F79EFBC}") = "ConditionalStatements_AbsoluteValue", "ConditionalStatements_AbsoluteValue\ConditionalStatements_AbsoluteValue.csproj", "{5B322ADB-7623-4BFF-A97E-57CFBDA11AE3}"
EndProject
Global
	GlobalSection(SolutionConfigurationPlatforms) = preSolution
		Debug|Any CPU = Debug|Any CPU
		Release|Any CPU = Release|Any CPU
	EndGlobalSection
	GlobalSection(ProjectConfigurationPlatforms) = postSolution
		{5B322ADB-7623-4BFF-A97E-57CFBDA11AE3}.Debug|Any CPU.ActiveCfg = Debug|Any CPU
		{5B322ADB-7623-4BFF-A97E-57CFBDA11AE3}.Debug|Any CPU.Build.0 = Debug|Any CPU
		{5B322ADB-7623-4BFF-A97E-57CFBDA11AE3}.Release|Any CPU.ActiveCfg = Release|Any CPU
		{5B322ADB-7623-4BFF-A97E-57CFBDA11AE3}.Release|Any CPU.Build.0 = Release|Any CPU
	EndGlobalSection
	GlobalSection(SolutionProperties) = preSolution
		HideSolutionNode = FALSE
	EndGlobalSection
	GlobalSection(ExtensibilityGlobals) = postSolution
		SolutionGuid = {E03BCAF9-C2B5-4199-9D5C-BDA0E0EE2E95}
	EndGlobalSection
EndGlobal
